// !$*UTF8*$!
{
	archiveVersion = 1;
	classes = {
	};
	objectVersion = 46;
	objects = {

/* Begin PBXBuildFile section */
		1479A5661E309B3F002D491A /* SessionTableViewController.m in Sources */ = {isa = PBXBuildFile; fileRef = 1479A5651E309B3F002D491A /* SessionTableViewController.m */; };
		1479A5691E30A001002D491A /* GKManager.m in Sources */ = {isa = PBXBuildFile; fileRef = 1479A5681E30A001002D491A /* GKManager.m */; };
		1479A56C1E30AD6C002D491A /* SessionDetailViewController.m in Sources */ = {isa = PBXBuildFile; fileRef = 1479A56B1E30AD6C002D491A /* SessionDetailViewController.m */; };
		14ABAE491E1BAF240018FFE1 /* GameKit.framework in Frameworks */ = {isa = PBXBuildFile; fileRef = 14ABAE481E1BAF240018FFE1 /* GameKit.framework */; };
		14ABAE4B1E1BB0AF0018FFE1 /* CloudKit.framework in Frameworks */ = {isa = PBXBuildFile; fileRef = 14ABAE4A1E1BB0AF0018FFE1 /* CloudKit.framework */; };
		14C8A3081E1BACB200E4055D /* main.m in Sources */ = {isa = PBXBuildFile; fileRef = 14C8A3071E1BACB200E4055D /* main.m */; };
		14C8A30B1E1BACB200E4055D /* AppDelegate.m in Sources */ = {isa = PBXBuildFile; fileRef = 14C8A30A1E1BACB200E4055D /* AppDelegate.m */; };
		14C8A3111E1BACB200E4055D /* Main.storyboard in Resources */ = {isa = PBXBuildFile; fileRef = 14C8A30F1E1BACB200E4055D /* Main.storyboard */; };
		14C8A3131E1BACB200E4055D /* Assets.xcassets in Resources */ = {isa = PBXBuildFile; fileRef = 14C8A3121E1BACB200E4055D /* Assets.xcassets */; };
		14C8A3161E1BACB200E4055D /* LaunchScreen.storyboard in Resources */ = {isa = PBXBuildFile; fileRef = 14C8A3141E1BACB200E4055D /* LaunchScreen.storyboard */; };
/* End PBXBuildFile section */

/* Begin PBXCopyFilesBuildPhase section */
		1479A5631E3096B2002D491A /* Embed Frameworks */ = {
			isa = PBXCopyFilesBuildPhase;
			buildActionMask = 2147483647;
			dstPath = "";
			dstSubfolderSpec = 10;
			files = (
			);
			name = "Embed Frameworks";
			runOnlyForDeploymentPostprocessing = 0;
		};
/* End PBXCopyFilesBuildPhase section */

/* Begin PBXFileReference section */
		1479A5641E309B3F002D491A /* SessionTableViewController.h */ = {isa = PBXFileReference; fileEncoding = 4; lastKnownFileType = sourcecode.c.h; path = SessionTableViewController.h; sourceTree = "<group>"; };
		1479A5651E309B3F002D491A /* SessionTableViewController.m */ = {isa = PBXFileReference; fileEncoding = 4; lastKnownFileType = sourcecode.c.objc; path = SessionTableViewController.m; sourceTree = "<group>"; };
		1479A5671E30A001002D491A /* GKManager.h */ = {isa = PBXFileReference; fileEncoding = 4; lastKnownFileType = sourcecode.c.h; path = GKManager.h; sourceTree = "<group>"; };
		1479A5681E30A001002D491A /* GKManager.m */ = {isa = PBXFileReference; fileEncoding = 4; lastKnownFileType = sourcecode.c.objc; path = GKManager.m; sourceTree = "<group>"; };
		1479A56A1E30AD6C002D491A /* SessionDetailViewController.h */ = {isa = PBXFileReference; fileEncoding = 4; lastKnownFileType = sourcecode.c.h; path = SessionDetailViewController.h; sourceTree = "<group>"; };
		1479A56B1E30AD6C002D491A /* SessionDetailViewController.m */ = {isa = PBXFileReference; fileEncoding = 4; lastKnownFileType = sourcecode.c.objc; path = SessionDetailViewController.m; sourceTree = "<group>"; };
		14ABAE451E1BAE380018FFE1 /* GKTester.entitlements */ = {isa = PBXFileReference; lastKnownFileType = text.plist.entitlements; path = GKTester.entitlements; sourceTree = "<group>"; };
		14ABAE481E1BAF240018FFE1 /* GameKit.framework */ = {isa = PBXFileReference; lastKnownFileType = wrapper.framework; name = GameKit.framework; path = System/Library/Frameworks/GameKit.framework; sourceTree = SDKROOT; };
		14ABAE4A1E1BB0AF0018FFE1 /* CloudKit.framework */ = {isa = PBXFileReference; lastKnownFileType = wrapper.framework; name = CloudKit.framework; path = System/Library/Frameworks/CloudKit.framework; sourceTree = SDKROOT; };
		14C8A3031E1BACB200E4055D /* GKTester.app */ = {isa = PBXFileReference; explicitFileType = wrapper.application; includeInIndex = 0; path = GKTester.app; sourceTree = BUILT_PRODUCTS_DIR; };
		14C8A3071E1BACB200E4055D /* main.m */ = {isa = PBXFileReference; lastKnownFileType = sourcecode.c.objc; path = main.m; sourceTree = "<group>"; };
		14C8A3091E1BACB200E4055D /* AppDelegate.h */ = {isa = PBXFileReference; lastKnownFileType = sourcecode.c.h; path = AppDelegate.h; sourceTree = "<group>"; };
		14C8A30A1E1BACB200E4055D /* AppDelegate.m */ = {isa = PBXFileReference; lastKnownFileType = sourcecode.c.objc; lineEnding = 0; path = AppDelegate.m; sourceTree = "<group>"; xcLanguageSpecificationIdentifier = xcode.lang.objc; };
		14C8A3101E1BACB200E4055D /* Base */ = {isa = PBXFileReference; lastKnownFileType = file.storyboard; name = Base; path = Base.lproj/Main.storyboard; sourceTree = "<group>"; };
		14C8A3121E1BACB200E4055D /* Assets.xcassets */ = {isa = PBXFileReference; lastKnownFileType = folder.assetcatalog; path = Assets.xcassets; sourceTree = "<group>"; };
		14C8A3151E1BACB200E4055D /* Base */ = {isa = PBXFileReference; lastKnownFileType = file.storyboard; name = Base; path = Base.lproj/LaunchScreen.storyboard; sourceTree = "<group>"; };
		14C8A3171E1BACB200E4055D /* Info.plist */ = {isa = PBXFileReference; lastKnownFileType = text.plist.xml; path = Info.plist; sourceTree = "<group>"; };
/* End PBXFileReference section */

/* Begin PBXFrameworksBuildPhase section */
		14C8A3001E1BACB200E4055D /* Frameworks */ = {
			isa = PBXFrameworksBuildPhase;
			buildActionMask = 2147483647;
			files = (
				14ABAE491E1BAF240018FFE1 /* GameKit.framework in Frameworks */,
				14ABAE4B1E1BB0AF0018FFE1 /* CloudKit.framework in Frameworks */,
			);
			runOnlyForDeploymentPostprocessing = 0;
		};
/* End PBXFrameworksBuildPhase section */

/* Begin PBXGroup section */
		14ABAE471E1BAF240018FFE1 /* Frameworks */ = {
			isa = PBXGroup;
			children = (
				14ABAE4A1E1BB0AF0018FFE1 /* CloudKit.framework */,
				14ABAE481E1BAF240018FFE1 /* GameKit.framework */,
			);
			name = Frameworks;
			sourceTree = "<group>";
		};
		14C8A2FA1E1BACB200E4055D = {
			isa = PBXGroup;
			children = (
				14C8A3051E1BACB200E4055D /* GKTester */,
				14C8A3041E1BACB200E4055D /* Products */,
				14ABAE471E1BAF240018FFE1 /* Frameworks */,
			);
			sourceTree = "<group>";
		};
		14C8A3041E1BACB200E4055D /* Products */ = {
			isa = PBXGroup;
			children = (
				14C8A3031E1BACB200E4055D /* GKTester.app */,
			);
			name = Products;
			sourceTree = "<group>";
		};
		14C8A3051E1BACB200E4055D /* GKTester */ = {
			isa = PBXGroup;
			children = (
				14ABAE451E1BAE380018FFE1 /* GKTester.entitlements */,
				1479A5641E309B3F002D491A /* SessionTableViewController.h */,
				1479A5651E309B3F002D491A /* SessionTableViewController.m */,
				1479A56A1E30AD6C002D491A /* SessionDetailViewController.h */,
				1479A56B1E30AD6C002D491A /* SessionDetailViewController.m */,
				14C8A3091E1BACB200E4055D /* AppDelegate.h */,
				14C8A30A1E1BACB200E4055D /* AppDelegate.m */,
				1479A5671E30A001002D491A /* GKManager.h */,
				1479A5681E30A001002D491A /* GKManager.m */,
				14C8A30F1E1BACB200E4055D /* Main.storyboard */,
				14C8A3121E1BACB200E4055D /* Assets.xcassets */,
				14C8A3141E1BACB200E4055D /* LaunchScreen.storyboard */,
				14C8A3171E1BACB200E4055D /* Info.plist */,
				14C8A3061E1BACB200E4055D /* Supporting Files */,
			);
			path = GKTester;
			sourceTree = "<group>";
		};
		14C8A3061E1BACB200E4055D /* Supporting Files */ = {
			isa = PBXGroup;
			children = (
				14C8A3071E1BACB200E4055D /* main.m */,
			);
			name = "Supporting Files";
			sourceTree = "<group>";
		};
/* End PBXGroup section */

/* Begin PBXNativeTarget section */
		14C8A3021E1BACB200E4055D /* GKTester */ = {
			isa = PBXNativeTarget;
			buildConfigurationList = 14C8A31A1E1BACB200E4055D /* Build configuration list for PBXNativeTarget "GKTester" */;
			buildPhases = (
				14C8A2FF1E1BACB200E4055D /* Sources */,
				14C8A3001E1BACB200E4055D /* Frameworks */,
				14C8A3011E1BACB200E4055D /* Resources */,
				1479A5631E3096B2002D491A /* Embed Frameworks */,
			);
			buildRules = (
			);
			dependencies = (
			);
			name = GKTester;
			productName = GKTester;
			productReference = 14C8A3031E1BACB200E4055D /* GKTester.app */;
			productType = "com.apple.product-type.application";
		};
/* End PBXNativeTarget section */

/* Begin PBXProject section */
		14C8A2FB1E1BACB200E4055D /* Project object */ = {
			isa = PBXProject;
			attributes = {
				LastUpgradeCheck = 0820;
				ORGANIZATIONNAME = "Shaun Budhram";
				TargetAttributes = {
					14C8A3021E1BACB200E4055D = {
						CreatedOnToolsVersion = 8.2.1;
						DevelopmentTeam = EXF3E75U7G;
						ProvisioningStyle = Automatic;
						SystemCapabilities = {
							com.apple.GameCenter = {
								enabled = 1;
							};
							com.apple.Push = {
								enabled = 1;
							};
							com.apple.iCloud = {
								enabled = 1;
							};
						};
					};
				};
			};
			buildConfigurationList = 14C8A2FE1E1BACB200E4055D /* Build configuration list for PBXProject "GKTester" */;
			compatibilityVersion = "Xcode 3.2";
			developmentRegion = English;
			hasScannedForEncodings = 0;
			knownRegions = (
				en,
				Base,
			);
			mainGroup = 14C8A2FA1E1BACB200E4055D;
			productRefGroup = 14C8A3041E1BACB200E4055D /* Products */;
			projectDirPath = "";
			projectRoot = "";
			targets = (
				14C8A3021E1BACB200E4055D /* GKTester */,
			);
		};
/* End PBXProject section */

/* Begin PBXResourcesBuildPhase section */
		14C8A3011E1BACB200E4055D /* Resources */ = {
			isa = PBXResourcesBuildPhase;
			buildActionMask = 2147483647;
			files = (
				14C8A3161E1BACB200E4055D /* LaunchScreen.storyboard in Resources */,
				14C8A3131E1BACB200E4055D /* Assets.xcassets in Resources */,
				14C8A3111E1BACB200E4055D /* Main.storyboard in Resources */,
			);
			runOnlyForDeploymentPostprocessing = 0;
		};
/* End PBXResourcesBuildPhase section */

/* Begin PBXSourcesBuildPhase section */
		14C8A2FF1E1BACB200E4055D /* Sources */ = {
			isa = PBXSourcesBuildPhase;
			buildActionMask = 2147483647;
			files = (
				1479A5661E309B3F002D491A /* SessionTableViewController.m in Sources */,
				14C8A30B1E1BACB200E4055D /* AppDelegate.m in Sources */,
				1479A56C1E30AD6C002D491A /* SessionDetailViewController.m in Sources */,
				14C8A3081E1BACB200E4055D /* main.m in Sources */,
				1479A5691E30A001002D491A /* GKManager.m in Sources */,
			);
			runOnlyForDeploymentPostprocessing = 0;
		};
/* End PBXSourcesBuildPhase section */

/* Begin PBXVariantGroup section */
		14C8A30F1E1BACB200E4055D /* Main.storyboard */ = {
			isa = PBXVariantGroup;
			children = (
				14C8A3101E1BACB200E4055D /* Base */,
			);
			name = Main.storyboard;
			sourceTree = "<group>";
		};
		14C8A3141E1BACB200E4055D /* LaunchScreen.storyboard */ = {
			isa = PBXVariantGroup;
			children = (
				14C8A3151E1BACB200E4055D /* Base */,
			);
			name = LaunchScreen.storyboard;
			sourceTree = "<group>";
		};
/* End PBXVariantGroup section */

/* Begin XCBuildConfiguration section */
		14C8A3181E1BACB200E4055D /* Debug */ = {
			isa = XCBuildConfiguration;
			buildSettings = {
				ALWAYS_SEARCH_USER_PATHS = NO;
				CLANG_ANALYZER_NONNULL = YES;
				CLANG_CXX_LANGUAGE_STANDARD = "gnu++0x";
				CLANG_CXX_LIBRARY = "libc++";
				CLANG_ENABLE_MODULES = YES;
				CLANG_ENABLE_OBJC_ARC = YES;
				CLANG_WARN_BOOL_CONVERSION = YES;
				CLANG_WARN_CONSTANT_CONVERSION = YES;
				CLANG_WARN_DIRECT_OBJC_ISA_USAGE = YES_ERROR;
				CLANG_WARN_DOCUMENTATION_COMMENTS = YES;
				CLANG_WARN_EMPTY_BODY = YES;
				CLANG_WARN_ENUM_CONVERSION = YES;
				CLANG_WARN_INFINITE_RECURSION = YES;
				CLANG_WARN_INT_CONVERSION = YES;
				CLANG_WARN_OBJC_ROOT_CLASS = YES_ERROR;
				CLANG_WARN_SUSPICIOUS_MOVE = YES;
				CLANG_WARN_UNREACHABLE_CODE = YES;
				CLANG_WARN__DUPLICATE_METHOD_MATCH = YES;
				"CODE_SIGN_IDENTITY[sdk=iphoneos*]" = "iPhone Developer";
				COPY_PHASE_STRIP = NO;
				DEBUG_INFORMATION_FORMAT = dwarf;
				ENABLE_STRICT_OBJC_MSGSEND = YES;
				ENABLE_TESTABILITY = YES;
				FRAMEWORK_SEARCH_PATHS = "../../RoUTP/**";
				GCC_C_LANGUAGE_STANDARD = gnu99;
				GCC_DYNAMIC_NO_PIC = NO;
				GCC_NO_COMMON_BLOCKS = YES;
				GCC_OPTIMIZATION_LEVEL = 0;
				GCC_PREPROCESSOR_DEFINITIONS = (
					"DEBUG=1",
					"$(inherited)",
				);
				GCC_WARN_64_TO_32_BIT_CONVERSION = YES;
				GCC_WARN_ABOUT_RETURN_TYPE = YES_ERROR;
				GCC_WARN_UNDECLARED_SELECTOR = YES;
				GCC_WARN_UNINITIALIZED_AUTOS = YES_AGGRESSIVE;
				GCC_WARN_UNUSED_FUNCTION = YES;
				GCC_WARN_UNUSED_VARIABLE = YES;
				IPHONEOS_DEPLOYMENT_TARGET = 10.0;
				MTL_ENABLE_DEBUG_INFO = YES;
				ONLY_ACTIVE_ARCH = YES;
				SDKROOT = iphoneos;
			};
			name = Debug;
		};
		14C8A3191E1BACB200E4055D /* Release */ = {
			isa = XCBuildConfiguration;
			buildSettings = {
				ALWAYS_SEARCH_USER_PATHS = NO;
				CLANG_ANALYZER_NONNULL = YES;
				CLANG_CXX_LANGUAGE_STANDARD = "gnu++0x";
				CLANG_CXX_LIBRARY = "libc++";
				CLANG_ENABLE_MODULES = YES;
				CLANG_ENABLE_OBJC_ARC = YES;
				CLANG_WARN_BOOL_CONVERSION = YES;
				CLANG_WARN_CONSTANT_CONVERSION = YES;
				CLANG_WARN_DIRECT_OBJC_ISA_USAGE = YES_ERROR;
				CLANG_WARN_DOCUMENTATION_COMMENTS = YES;
				CLANG_WARN_EMPTY_BODY = YES;
				CLANG_WARN_ENUM_CONVERSION = YES;
				CLANG_WARN_INFINITE_RECURSION = YES;
				CLANG_WARN_INT_CONVERSION = YES;
				CLANG_WARN_OBJC_ROOT_CLASS = YES_ERROR;
				CLANG_WARN_SUSPICIOUS_MOVE = YES;
				CLANG_WARN_UNREACHABLE_CODE = YES;
				CLANG_WARN__DUPLICATE_METHOD_MATCH = YES;
				"CODE_SIGN_IDENTITY[sdk=iphoneos*]" = "iPhone Developer";
				COPY_PHASE_STRIP = NO;
				DEBUG_INFORMATION_FORMAT = "dwarf-with-dsym";
				ENABLE_NS_ASSERTIONS = NO;
				ENABLE_STRICT_OBJC_MSGSEND = YES;
				FRAMEWORK_SEARCH_PATHS = "../../RoUTP/**";
				GCC_C_LANGUAGE_STANDARD = gnu99;
				GCC_NO_COMMON_BLOCKS = YES;
				GCC_WARN_64_TO_32_BIT_CONVERSION = YES;
				GCC_WARN_ABOUT_RETURN_TYPE = YES_ERROR;
				GCC_WARN_UNDECLARED_SELECTOR = YES;
				GCC_WARN_UNINITIALIZED_AUTOS = YES_AGGRESSIVE;
				GCC_WARN_UNUSED_FUNCTION = YES;
				GCC_WARN_UNUSED_VARIABLE = YES;
				IPHONEOS_DEPLOYMENT_TARGET = 10.0;
				MTL_ENABLE_DEBUG_INFO = NO;
				SDKROOT = iphoneos;
				VALIDATE_PRODUCT = YES;
			};
			name = Release;
		};
		14C8A31B1E1BACB200E4055D /* Debug */ = {
			isa = XCBuildConfiguration;
			buildSettings = {
				ASSETCATALOG_COMPILER_APPICON_NAME = AppIcon;
				CODE_SIGN_ENTITLEMENTS = GKTester/GKTester.entitlements;
				DEVELOPMENT_TEAM = EXF3E75U7G;
				FRAMEWORK_SEARCH_PATHS = "";
				INFOPLIST_FILE = GKTester/Info.plist;
				LD_RUNPATH_SEARCH_PATHS = "$(inherited) @executable_path/Frameworks";
				PRODUCT_BUNDLE_IDENTIFIER = com.bubblecapappsllc.gktester;
				PRODUCT_NAME = "$(TARGET_NAME)";
				TARGETED_DEVICE_FAMILY = "1,2";
			};
			name = Debug;
		};
		14C8A31C1E1BACB200E4055D /* Release */ = {
			isa = XCBuildConfiguration;
			buildSettings = {
				ASSETCATALOG_COMPILER_APPICON_NAME = AppIcon;
				CODE_SIGN_ENTITLEMENTS = GKTester/GKTester.entitlements;
				DEVELOPMENT_TEAM = EXF3E75U7G;
				FRAMEWORK_SEARCH_PATHS = "";
				INFOPLIST_FILE = GKTester/Info.plist;
				LD_RUNPATH_SEARCH_PATHS = "$(inherited) @executable_path/Frameworks";
				PRODUCT_BUNDLE_IDENTIFIER = com.bubblecapappsllc.gktester;
				PRODUCT_NAME = "$(TARGET_NAME)";
				TARGETED_DEVICE_FAMILY = "1,2";
			};
			name = Release;
		};
/* End XCBuildConfiguration section */

/* Begin XCConfigurationList section */
		14C8A2FE1E1BACB200E4055D /* Build configuration list for PBXProject "GKTester" */ = {
			isa = XCConfigurationList;
			buildConfigurations = (
				14C8A3181E1BACB200E4055D /* Debug */,
				14C8A3191E1BACB200E4055D /* Release */,
			);
			defaultConfigurationIsVisible = 0;
			defaultConfigurationName = Release;
		};
		14C8A31A1E1BACB200E4055D /* Build configuration list for PBXNativeTarget "GKTester" */ = {
			isa = XCConfigurationList;
			buildConfigurations = (
				14C8A31B1E1BACB200E4055D /* Debug */,
				14C8A31C1E1BACB200E4055D /* Release */,
			);
			defaultConfigurationIsVisible = 0;
			defaultConfigurationName = Release;
		};
/* End XCConfigurationList section */
	};
	rootObject = 14C8A2FB1E1BACB200E4055D /* Project object */;
}
